
Microsoft Visual Studio Solution File, Format Version 12.00
# Visual Studio Version 17
VisualStudioVersion = 17.7.34024.191
MinimumVisualStudioVersion = 10.0.40219.1
Project("{FAE04EC0-301F-11D3-BF4B-00C04F79EFBC}") = "dashboard", "dashboard\dashboard.csproj", "{27365DB2-CD6A-4364-9D79-C0AEDD613881}"
EndProject
Global
	GlobalSection(SolutionConfigurationPlatforms) = preSolution
		Debug|Any CPU = Debug|Any CPU
		Release|Any CPU = Release|Any CPU
	EndGlobalSection
	GlobalSection(ProjectConfigurationPlatforms) = postSolution
		{27365DB2-CD6A-4364-9D79-C0AEDD613881}.Debug|Any CPU.ActiveCfg = Debug|Any CPU
		{27365DB2-CD6A-4364-9D79-C0AEDD613881}.Debug|Any CPU.Build.0 = Debug|Any CPU
		{27365DB2-CD6A-4364-9D79-C0AEDD613881}.Release|Any CPU.ActiveCfg = Release|Any CPU
		{27365DB2-CD6A-4364-9D79-C0AEDD613881}.Release|Any CPU.Build.0 = Release|Any CPU
	EndGlobalSection
	GlobalSection(SolutionProperties) = preSolution
		HideSolutionNode = FALSE
	EndGlobalSection
	GlobalSection(ExtensibilityGlobals) = postSolution
		SolutionGuid = {B8F542F9-FFC0-4F5B-87C2-E725D0744633}
	EndGlobalSection
EndGlobal
